// !$*UTF8*$!
{
	archiveVersion = 1;
	classes = {
	};
	objectVersion = 55;
	objects = {

/* Begin PBXBuildFile section */
		810DDFFD27F1DA6E008D72EC /* LoginCredentials.swift in Sources */ = {isa = PBXBuildFile; fileRef = 810DDFFC27F1DA6E008D72EC /* LoginCredentials.swift */; };
		810DE00027F1DA91008D72EC /* LoginService.swift in Sources */ = {isa = PBXBuildFile; fileRef = 810DDFFF27F1DA91008D72EC /* LoginService.swift */; };
		810DE00327F1DBA6008D72EC /* LoginViewModel.swift in Sources */ = {isa = PBXBuildFile; fileRef = 810DE00227F1DBA6008D72EC /* LoginViewModel.swift */; };
		810DE00727F1E37F008D72EC /* ForgotPasswordService.swift in Sources */ = {isa = PBXBuildFile; fileRef = 810DE00627F1E37F008D72EC /* ForgotPasswordService.swift */; };
		810DE00A27F1E7DB008D72EC /* ForgotPasswordViewModel.swift in Sources */ = {isa = PBXBuildFile; fileRef = 810DE00927F1E7DB008D72EC /* ForgotPasswordViewModel.swift */; };
		8121E7F2282A6EFF00A08A34 /* ChatService.swift in Sources */ = {isa = PBXBuildFile; fileRef = 8121E7F1282A6EFF00A08A34 /* ChatService.swift */; };
		8121E7F4282A6F4C00A08A34 /* ChatUserDetails.swift in Sources */ = {isa = PBXBuildFile; fileRef = 8121E7F3282A6F4C00A08A34 /* ChatUserDetails.swift */; };
		8128C6D627E84E9700B8B9C9 /* meetafriendApp.swift in Sources */ = {isa = PBXBuildFile; fileRef = 8128C6D527E84E9700B8B9C9 /* meetafriendApp.swift */; };
		8128C6DA27E84E9B00B8B9C9 /* Assets.xcassets in Resources */ = {isa = PBXBuildFile; fileRef = 8128C6D927E84E9B00B8B9C9 /* Assets.xcassets */; };
		8128C6DD27E84E9B00B8B9C9 /* Preview Assets.xcassets in Resources */ = {isa = PBXBuildFile; fileRef = 8128C6DC27E84E9B00B8B9C9 /* Preview Assets.xcassets */; };
		8175DB3227E8D60600745AAC /* GoogleService-Info.plist in Resources */ = {isa = PBXBuildFile; fileRef = 8175DB3127E8D60600745AAC /* GoogleService-Info.plist */; };
		818B882B27E8A95E0091FED1 /* LoginView.swift in Sources */ = {isa = PBXBuildFile; fileRef = 818B882A27E8A95E0091FED1 /* LoginView.swift */; };
		819F8D3927EDD264002F408B /* InputTextFieldView.swift in Sources */ = {isa = PBXBuildFile; fileRef = 819F8D3827EDD264002F408B /* InputTextFieldView.swift */; };
		819F8D3C27EDD55E002F408B /* Preview.swift in Sources */ = {isa = PBXBuildFile; fileRef = 819F8D3B27EDD55E002F408B /* Preview.swift */; };
		819F8D3E27EDD6BA002F408B /* InputPasswordView.swift in Sources */ = {isa = PBXBuildFile; fileRef = 819F8D3D27EDD6BA002F408B /* InputPasswordView.swift */; };
		819F8D4127EDD8CA002F408B /* ButtonView.swift in Sources */ = {isa = PBXBuildFile; fileRef = 819F8D4027EDD8CA002F408B /* ButtonView.swift */; };
		819F8D4527EDDFBB002F408B /* RegisterView.swift in Sources */ = {isa = PBXBuildFile; fileRef = 819F8D4427EDDFBB002F408B /* RegisterView.swift */; };
		819F8D4727EDFEF4002F408B /* CloseModifier.swift in Sources */ = {isa = PBXBuildFile; fileRef = 819F8D4627EDFEF4002F408B /* CloseModifier.swift */; };
		819F8D4B27EE0168002F408B /* HomeView.swift in Sources */ = {isa = PBXBuildFile; fileRef = 819F8D4A27EE0168002F408B /* HomeView.swift */; };
		819F8D4F27EE024D002F408B /* ForgotPasswordView.swift in Sources */ = {isa = PBXBuildFile; fileRef = 819F8D4E27EE024D002F408B /* ForgotPasswordView.swift */; };
		819F8D5227EE0828002F408B /* RegistrationDetails.swift in Sources */ = {isa = PBXBuildFile; fileRef = 819F8D5127EE0828002F408B /* RegistrationDetails.swift */; };
		819F8D5527EE0870002F408B /* RegistrationService.swift in Sources */ = {isa = PBXBuildFile; fileRef = 819F8D5427EE0870002F408B /* RegistrationService.swift */; };
		819F8D5827EE0C5C002F408B /* RegistrationViewModel.swift in Sources */ = {isa = PBXBuildFile; fileRef = 819F8D5727EE0C5C002F408B /* RegistrationViewModel.swift */; };
		819F8D5C27EE10F5002F408B /* SessionUserDetails.swift in Sources */ = {isa = PBXBuildFile; fileRef = 819F8D5B27EE10F5002F408B /* SessionUserDetails.swift */; };
		819F8D5F27EE112E002F408B /* SessionService.swift in Sources */ = {isa = PBXBuildFile; fileRef = 819F8D5E27EE112E002F408B /* SessionService.swift */; };
		81DDAB13282BDD79008DD4E9 /* InputNumberFieldView.swift in Sources */ = {isa = PBXBuildFile; fileRef = 81DDAB12282BDD79008DD4E9 /* InputNumberFieldView.swift */; };
		81DDAB1B282BE97A008DD4E9 /* LocationService.swift in Sources */ = {isa = PBXBuildFile; fileRef = 81DDAB1A282BE97A008DD4E9 /* LocationService.swift */; };
		81DDAB1D282BE9A0008DD4E9 /* LocationDetails.swift in Sources */ = {isa = PBXBuildFile; fileRef = 81DDAB1C282BE9A0008DD4E9 /* LocationDetails.swift */; };
		81FCD872282AC87900F74369 /* FirebaseAuth in Frameworks */ = {isa = PBXBuildFile; productRef = 81FCD871282AC87900F74369 /* FirebaseAuth */; };
		81FCD874282AC87900F74369 /* FirebaseDatabase in Frameworks */ = {isa = PBXBuildFile; productRef = 81FCD873282AC87900F74369 /* FirebaseDatabase */; };
		81FCD876282AC87900F74369 /* FirebaseFirestore in Frameworks */ = {isa = PBXBuildFile; productRef = 81FCD875282AC87900F74369 /* FirebaseFirestore */; };
		81FCD878282AC87900F74369 /* FirebaseStorage in Frameworks */ = {isa = PBXBuildFile; productRef = 81FCD877282AC87900F74369 /* FirebaseStorage */; };
/* End PBXBuildFile section */

/* Begin PBXFileReference section */
		810DDFFC27F1DA6E008D72EC /* LoginCredentials.swift */ = {isa = PBXFileReference; lastKnownFileType = sourcecode.swift; path = LoginCredentials.swift; sourceTree = "<group>"; };
		810DDFFF27F1DA91008D72EC /* LoginService.swift */ = {isa = PBXFileReference; lastKnownFileType = sourcecode.swift; path = LoginService.swift; sourceTree = "<group>"; };
		810DE00227F1DBA6008D72EC /* LoginViewModel.swift */ = {isa = PBXFileReference; lastKnownFileType = sourcecode.swift; path = LoginViewModel.swift; sourceTree = "<group>"; };
		810DE00627F1E37F008D72EC /* ForgotPasswordService.swift */ = {isa = PBXFileReference; lastKnownFileType = sourcecode.swift; path = ForgotPasswordService.swift; sourceTree = "<group>"; };
		810DE00927F1E7DB008D72EC /* ForgotPasswordViewModel.swift */ = {isa = PBXFileReference; lastKnownFileType = sourcecode.swift; path = ForgotPasswordViewModel.swift; sourceTree = "<group>"; };
		8121E7F1282A6EFF00A08A34 /* ChatService.swift */ = {isa = PBXFileReference; lastKnownFileType = sourcecode.swift; path = ChatService.swift; sourceTree = "<group>"; };
		8121E7F3282A6F4C00A08A34 /* ChatUserDetails.swift */ = {isa = PBXFileReference; lastKnownFileType = sourcecode.swift; path = ChatUserDetails.swift; sourceTree = "<group>"; };
		8128C6D227E84E9700B8B9C9 /* meetafriend.app */ = {isa = PBXFileReference; explicitFileType = wrapper.application; includeInIndex = 0; path = meetafriend.app; sourceTree = BUILT_PRODUCTS_DIR; };
		8128C6D527E84E9700B8B9C9 /* meetafriendApp.swift */ = {isa = PBXFileReference; lastKnownFileType = sourcecode.swift; path = meetafriendApp.swift; sourceTree = "<group>"; };
		8128C6D927E84E9B00B8B9C9 /* Assets.xcassets */ = {isa = PBXFileReference; lastKnownFileType = folder.assetcatalog; path = Assets.xcassets; sourceTree = "<group>"; };
		8128C6DC27E84E9B00B8B9C9 /* Preview Assets.xcassets */ = {isa = PBXFileReference; lastKnownFileType = folder.assetcatalog; path = "Preview Assets.xcassets"; sourceTree = "<group>"; };
		8175DB3127E8D60600745AAC /* GoogleService-Info.plist */ = {isa = PBXFileReference; fileEncoding = 4; lastKnownFileType = text.plist.xml; name = "GoogleService-Info.plist"; path = "../../GoogleService-Info.plist"; sourceTree = "<group>"; };
		818B882A27E8A95E0091FED1 /* LoginView.swift */ = {isa = PBXFileReference; lastKnownFileType = sourcecode.swift; path = LoginView.swift; sourceTree = "<group>"; };
		819F8D3827EDD264002F408B /* InputTextFieldView.swift */ = {isa = PBXFileReference; lastKnownFileType = sourcecode.swift; path = InputTextFieldView.swift; sourceTree = "<group>"; };
		819F8D3B27EDD55E002F408B /* Preview.swift */ = {isa = PBXFileReference; lastKnownFileType = sourcecode.swift; path = Preview.swift; sourceTree = "<group>"; };
		819F8D3D27EDD6BA002F408B /* InputPasswordView.swift */ = {isa = PBXFileReference; lastKnownFileType = sourcecode.swift; path = InputPasswordView.swift; sourceTree = "<group>"; };
		819F8D4027EDD8CA002F408B /* ButtonView.swift */ = {isa = PBXFileReference; lastKnownFileType = sourcecode.swift; path = ButtonView.swift; sourceTree = "<group>"; };
		819F8D4427EDDFBB002F408B /* RegisterView.swift */ = {isa = PBXFileReference; lastKnownFileType = sourcecode.swift; path = RegisterView.swift; sourceTree = "<group>"; };
		819F8D4627EDFEF4002F408B /* CloseModifier.swift */ = {isa = PBXFileReference; lastKnownFileType = sourcecode.swift; path = CloseModifier.swift; sourceTree = "<group>"; };
		819F8D4A27EE0168002F408B /* HomeView.swift */ = {isa = PBXFileReference; lastKnownFileType = sourcecode.swift; path = HomeView.swift; sourceTree = "<group>"; };
		819F8D4E27EE024D002F408B /* ForgotPasswordView.swift */ = {isa = PBXFileReference; lastKnownFileType = sourcecode.swift; path = ForgotPasswordView.swift; sourceTree = "<group>"; };
		819F8D5127EE0828002F408B /* RegistrationDetails.swift */ = {isa = PBXFileReference; lastKnownFileType = sourcecode.swift; path = RegistrationDetails.swift; sourceTree = "<group>"; };
		819F8D5427EE0870002F408B /* RegistrationService.swift */ = {isa = PBXFileReference; lastKnownFileType = sourcecode.swift; path = RegistrationService.swift; sourceTree = "<group>"; };
		819F8D5727EE0C5C002F408B /* RegistrationViewModel.swift */ = {isa = PBXFileReference; lastKnownFileType = sourcecode.swift; path = RegistrationViewModel.swift; sourceTree = "<group>"; };
		819F8D5B27EE10F5002F408B /* SessionUserDetails.swift */ = {isa = PBXFileReference; lastKnownFileType = sourcecode.swift; path = SessionUserDetails.swift; sourceTree = "<group>"; };
		819F8D5E27EE112E002F408B /* SessionService.swift */ = {isa = PBXFileReference; lastKnownFileType = sourcecode.swift; path = SessionService.swift; sourceTree = "<group>"; };
		81DDAB12282BDD79008DD4E9 /* InputNumberFieldView.swift */ = {isa = PBXFileReference; lastKnownFileType = sourcecode.swift; path = InputNumberFieldView.swift; sourceTree = "<group>"; };
		81DDAB1A282BE97A008DD4E9 /* LocationService.swift */ = {isa = PBXFileReference; lastKnownFileType = sourcecode.swift; path = LocationService.swift; sourceTree = "<group>"; };
		81DDAB1C282BE9A0008DD4E9 /* LocationDetails.swift */ = {isa = PBXFileReference; lastKnownFileType = sourcecode.swift; path = LocationDetails.swift; sourceTree = "<group>"; };
/* End PBXFileReference section */

/* Begin PBXFrameworksBuildPhase section */
		8128C6CF27E84E9700B8B9C9 /* Frameworks */ = {
			isa = PBXFrameworksBuildPhase;
			buildActionMask = 2147483647;
			files = (
				81FCD874282AC87900F74369 /* FirebaseDatabase in Frameworks */,
				81FCD878282AC87900F74369 /* FirebaseStorage in Frameworks */,
				81FCD872282AC87900F74369 /* FirebaseAuth in Frameworks */,
				81FCD876282AC87900F74369 /* FirebaseFirestore in Frameworks */,
			);
			runOnlyForDeploymentPostprocessing = 0;
		};
/* End PBXFrameworksBuildPhase section */

/* Begin PBXGroup section */
		810DDFFB27F1DA55008D72EC /* Model */ = {
			isa = PBXGroup;
			children = (
				810DDFFC27F1DA6E008D72EC /* LoginCredentials.swift */,
			);
			path = Model;
			sourceTree = "<group>";
		};
		810DDFFE27F1DA86008D72EC /* Service */ = {
			isa = PBXGroup;
			children = (
				810DDFFF27F1DA91008D72EC /* LoginService.swift */,
			);
			path = Service;
			sourceTree = "<group>";
		};
		810DE00127F1DB9A008D72EC /* ViewModel */ = {
			isa = PBXGroup;
			children = (
				810DE00227F1DBA6008D72EC /* LoginViewModel.swift */,
			);
			path = ViewModel;
			sourceTree = "<group>";
		};
		810DE00427F1E35A008D72EC /* Authentification */ = {
			isa = PBXGroup;
			children = (
				819F8D5927EE10D9002F408B /* Session */,
				819F8D4C27EE022D002F408B /* ForgotPassword */,
				819F8D4227EDDF70002F408B /* Register */,
				819F8D3427EDD132002F408B /* Login */,
			);
			path = Authentification;
			sourceTree = "<group>";
		};
		810DE00527F1E36E008D72EC /* Service */ = {
			isa = PBXGroup;
			children = (
				810DE00627F1E37F008D72EC /* ForgotPasswordService.swift */,
			);
			path = Service;
			sourceTree = "<group>";
		};
		810DE00827F1E7CB008D72EC /* ViewModel */ = {
			isa = PBXGroup;
			children = (
				810DE00927F1E7DB008D72EC /* ForgotPasswordViewModel.swift */,
			);
			path = ViewModel;
			sourceTree = "<group>";
		};
		8121E7EC282A6E9D00A08A34 /* ViewModel */ = {
			isa = PBXGroup;
			children = (
			);
			path = ViewModel;
			sourceTree = "<group>";
		};
		8121E7ED282A6EA400A08A34 /* Service */ = {
			isa = PBXGroup;
			children = (
				8121E7F1282A6EFF00A08A34 /* ChatService.swift */,
			);
			path = Service;
			sourceTree = "<group>";
		};
		8121E7EE282A6EAE00A08A34 /* Model */ = {
			isa = PBXGroup;
			children = (
				8121E7F3282A6F4C00A08A34 /* ChatUserDetails.swift */,
			);
			path = Model;
			sourceTree = "<group>";
		};
		8121E7F0282A6EBC00A08A34 /* View */ = {
			isa = PBXGroup;
			children = (
			);
			path = View;
			sourceTree = "<group>";
		};
		8128C6C927E84E9700B8B9C9 = {
			isa = PBXGroup;
			children = (
				8128C6D427E84E9700B8B9C9 /* meetafriend */,
				8128C6D327E84E9700B8B9C9 /* Products */,
			);
			sourceTree = "<group>";
		};
		8128C6D327E84E9700B8B9C9 /* Products */ = {
			isa = PBXGroup;
			children = (
				8128C6D227E84E9700B8B9C9 /* meetafriend.app */,
			);
			name = Products;
			sourceTree = "<group>";
		};
		8128C6D427E84E9700B8B9C9 /* meetafriend */ = {
			isa = PBXGroup;
			children = (
				819F8D3627EDD209002F408B /* Base */,
				819F8D3327EDD129002F408B /* Feature */,
				8128C6D527E84E9700B8B9C9 /* meetafriendApp.swift */,
				8128C6D927E84E9B00B8B9C9 /* Assets.xcassets */,
				8175DB3127E8D60600745AAC /* GoogleService-Info.plist */,
				8128C6DB27E84E9B00B8B9C9 /* Preview Content */,
			);
			path = meetafriend;
			sourceTree = "<group>";
		};
		8128C6DB27E84E9B00B8B9C9 /* Preview Content */ = {
			isa = PBXGroup;
			children = (
				8128C6DC27E84E9B00B8B9C9 /* Preview Assets.xcassets */,
			);
			path = "Preview Content";
			sourceTree = "<group>";
		};
		8178CDBB282A60AB00BF42CF /* Chat */ = {
			isa = PBXGroup;
			children = (
				8121E7EC282A6E9D00A08A34 /* ViewModel */,
				8121E7ED282A6EA400A08A34 /* Service */,
				8121E7EE282A6EAE00A08A34 /* Model */,
				8121E7F0282A6EBC00A08A34 /* View */,
			);
			path = Chat;
			sourceTree = "<group>";
		};
		8178CDBC282A60B200BF42CF /* Locations */ = {
			isa = PBXGroup;
			children = (
				819F8D4827EE014C002F408B /* Home */,
			);
			path = Locations;
			sourceTree = "<group>";
		};
		819F8D3327EDD129002F408B /* Feature */ = {
			isa = PBXGroup;
			children = (
				810DE00427F1E35A008D72EC /* Authentification */,
				8178CDBC282A60B200BF42CF /* Locations */,
				8178CDBB282A60AB00BF42CF /* Chat */,
			);
			path = Feature;
			sourceTree = "<group>";
		};
		819F8D3427EDD132002F408B /* Login */ = {
			isa = PBXGroup;
			children = (
				810DE00127F1DB9A008D72EC /* ViewModel */,
				810DDFFE27F1DA86008D72EC /* Service */,
				810DDFFB27F1DA55008D72EC /* Model */,
				819F8D3527EDD137002F408B /* View */,
			);
			path = Login;
			sourceTree = "<group>";
		};
		819F8D3527EDD137002F408B /* View */ = {
			isa = PBXGroup;
			children = (
				818B882A27E8A95E0091FED1 /* LoginView.swift */,
			);
			path = View;
			sourceTree = "<group>";
		};
		819F8D3627EDD209002F408B /* Base */ = {
			isa = PBXGroup;
			children = (
				819F8D3A27EDD53B002F408B /* Modifier */,
				819F8D3727EDD218002F408B /* Views */,
			);
			path = Base;
			sourceTree = "<group>";
		};
		819F8D3727EDD218002F408B /* Views */ = {
			isa = PBXGroup;
			children = (
				819F8D3827EDD264002F408B /* InputTextFieldView.swift */,
				819F8D3D27EDD6BA002F408B /* InputPasswordView.swift */,
				819F8D4027EDD8CA002F408B /* ButtonView.swift */,
				81DDAB12282BDD79008DD4E9 /* InputNumberFieldView.swift */,
			);
			path = Views;
			sourceTree = "<group>";
		};
		819F8D3A27EDD53B002F408B /* Modifier */ = {
			isa = PBXGroup;
			children = (
				819F8D3B27EDD55E002F408B /* Preview.swift */,
				819F8D4627EDFEF4002F408B /* CloseModifier.swift */,
			);
			path = Modifier;
			sourceTree = "<group>";
		};
		819F8D4227EDDF70002F408B /* Register */ = {
			isa = PBXGroup;
			children = (
				819F8D5627EE0C42002F408B /* ViewModel */,
				819F8D5327EE0860002F408B /* Service */,
				819F8D5027EE0816002F408B /* Model */,
				819F8D4327EDDF82002F408B /* View */,
			);
			path = Register;
			sourceTree = "<group>";
		};
		819F8D4327EDDF82002F408B /* View */ = {
			isa = PBXGroup;
			children = (
				819F8D4427EDDFBB002F408B /* RegisterView.swift */,
			);
			path = View;
			sourceTree = "<group>";
		};
		819F8D4827EE014C002F408B /* Home */ = {
			isa = PBXGroup;
			children = (
				81DDAB16282BE938008DD4E9 /* Service */,
				81DDAB15282BE921008DD4E9 /* Model */,
				819F8D4927EE0157002F408B /* View */,
			);
			path = Home;
			sourceTree = "<group>";
		};
		819F8D4927EE0157002F408B /* View */ = {
			isa = PBXGroup;
			children = (
				819F8D4A27EE0168002F408B /* HomeView.swift */,
			);
			path = View;
			sourceTree = "<group>";
		};
		819F8D4C27EE022D002F408B /* ForgotPassword */ = {
			isa = PBXGroup;
			children = (
				810DE00827F1E7CB008D72EC /* ViewModel */,
				810DE00527F1E36E008D72EC /* Service */,
				819F8D4D27EE023E002F408B /* View */,
			);
			path = ForgotPassword;
			sourceTree = "<group>";
		};
		819F8D4D27EE023E002F408B /* View */ = {
			isa = PBXGroup;
			children = (
				819F8D4E27EE024D002F408B /* ForgotPasswordView.swift */,
			);
			path = View;
			sourceTree = "<group>";
		};
		819F8D5027EE0816002F408B /* Model */ = {
			isa = PBXGroup;
			children = (
				819F8D5127EE0828002F408B /* RegistrationDetails.swift */,
			);
			path = Model;
			sourceTree = "<group>";
		};
		819F8D5327EE0860002F408B /* Service */ = {
			isa = PBXGroup;
			children = (
				819F8D5427EE0870002F408B /* RegistrationService.swift */,
			);
			path = Service;
			sourceTree = "<group>";
		};
		819F8D5627EE0C42002F408B /* ViewModel */ = {
			isa = PBXGroup;
			children = (
				819F8D5727EE0C5C002F408B /* RegistrationViewModel.swift */,
			);
			path = ViewModel;
			sourceTree = "<group>";
		};
		819F8D5927EE10D9002F408B /* Session */ = {
			isa = PBXGroup;
			children = (
				819F8D5D27EE1120002F408B /* Service */,
				819F8D5A27EE10E2002F408B /* Model */,
			);
			path = Session;
			sourceTree = "<group>";
		};
		819F8D5A27EE10E2002F408B /* Model */ = {
			isa = PBXGroup;
			children = (
				819F8D5B27EE10F5002F408B /* SessionUserDetails.swift */,
			);
			path = Model;
			sourceTree = "<group>";
		};
		819F8D5D27EE1120002F408B /* Service */ = {
			isa = PBXGroup;
			children = (
				819F8D5E27EE112E002F408B /* SessionService.swift */,
			);
			path = Service;
			sourceTree = "<group>";
		};
		81DDAB15282BE921008DD4E9 /* Model */ = {
			isa = PBXGroup;
			children = (
				81DDAB1C282BE9A0008DD4E9 /* LocationDetails.swift */,
			);
			path = Model;
			sourceTree = "<group>";
		};
		81DDAB16282BE938008DD4E9 /* Service */ = {
			isa = PBXGroup;
			children = (
				81DDAB1A282BE97A008DD4E9 /* LocationService.swift */,
			);
			path = Service;
			sourceTree = "<group>";
		};
/* End PBXGroup section */

/* Begin PBXNativeTarget section */
		8128C6D127E84E9700B8B9C9 /* meetafriend */ = {
			isa = PBXNativeTarget;
			buildConfigurationList = 8128C6E027E84E9B00B8B9C9 /* Build configuration list for PBXNativeTarget "meetafriend" */;
			buildPhases = (
				8128C6CE27E84E9700B8B9C9 /* Sources */,
				8128C6CF27E84E9700B8B9C9 /* Frameworks */,
				8128C6D027E84E9700B8B9C9 /* Resources */,
			);
			buildRules = (
			);
			dependencies = (
			);
			name = meetafriend;
			packageProductDependencies = (
				81FCD871282AC87900F74369 /* FirebaseAuth */,
				81FCD873282AC87900F74369 /* FirebaseDatabase */,
				81FCD875282AC87900F74369 /* FirebaseFirestore */,
				81FCD877282AC87900F74369 /* FirebaseStorage */,
			);
			productName = meetafriend;
			productReference = 8128C6D227E84E9700B8B9C9 /* meetafriend.app */;
			productType = "com.apple.product-type.application";
		};
/* End PBXNativeTarget section */

/* Begin PBXProject section */
		8128C6CA27E84E9700B8B9C9 /* Project object */ = {
			isa = PBXProject;
			attributes = {
				BuildIndependentTargetsInParallel = 1;
				LastSwiftUpdateCheck = 1330;
				LastUpgradeCheck = 1330;
				TargetAttributes = {
					8128C6D127E84E9700B8B9C9 = {
						CreatedOnToolsVersion = 13.3;
					};
				};
			};
			buildConfigurationList = 8128C6CD27E84E9700B8B9C9 /* Build configuration list for PBXProject "meetafriend" */;
			compatibilityVersion = "Xcode 13.0";
			developmentRegion = en;
			hasScannedForEncodings = 0;
			knownRegions = (
				en,
				Base,
			);
			mainGroup = 8128C6C927E84E9700B8B9C9;
			packageReferences = (
				81FCD870282AC87900F74369 /* XCRemoteSwiftPackageReference "firebase-ios-sdk" */,
			);
			productRefGroup = 8128C6D327E84E9700B8B9C9 /* Products */;
			projectDirPath = "";
			projectRoot = "";
			targets = (
				8128C6D127E84E9700B8B9C9 /* meetafriend */,
			);
		};
/* End PBXProject section */

/* Begin PBXResourcesBuildPhase section */
		8128C6D027E84E9700B8B9C9 /* Resources */ = {
			isa = PBXResourcesBuildPhase;
			buildActionMask = 2147483647;
			files = (
				8128C6DD27E84E9B00B8B9C9 /* Preview Assets.xcassets in Resources */,
				8128C6DA27E84E9B00B8B9C9 /* Assets.xcassets in Resources */,
				8175DB3227E8D60600745AAC /* GoogleService-Info.plist in Resources */,
			);
			runOnlyForDeploymentPostprocessing = 0;
		};
/* End PBXResourcesBuildPhase section */

/* Begin PBXSourcesBuildPhase section */
		8128C6CE27E84E9700B8B9C9 /* Sources */ = {
			isa = PBXSourcesBuildPhase;
			buildActionMask = 2147483647;
			files = (
				810DE00027F1DA91008D72EC /* LoginService.swift in Sources */,
				819F8D4B27EE0168002F408B /* HomeView.swift in Sources */,
				8121E7F2282A6EFF00A08A34 /* ChatService.swift in Sources */,
				819F8D3E27EDD6BA002F408B /* InputPasswordView.swift in Sources */,
				818B882B27E8A95E0091FED1 /* LoginView.swift in Sources */,
				8121E7F4282A6F4C00A08A34 /* ChatUserDetails.swift in Sources */,
				8128C6D627E84E9700B8B9C9 /* meetafriendApp.swift in Sources */,
				819F8D5527EE0870002F408B /* RegistrationService.swift in Sources */,
				819F8D4727EDFEF4002F408B /* CloseModifier.swift in Sources */,
				819F8D5F27EE112E002F408B /* SessionService.swift in Sources */,
				810DE00327F1DBA6008D72EC /* LoginViewModel.swift in Sources */,
				819F8D4527EDDFBB002F408B /* RegisterView.swift in Sources */,
				810DDFFD27F1DA6E008D72EC /* LoginCredentials.swift in Sources */,
				81DDAB13282BDD79008DD4E9 /* InputNumberFieldView.swift in Sources */,
				81DDAB1D282BE9A0008DD4E9 /* LocationDetails.swift in Sources */,
				819F8D3C27EDD55E002F408B /* Preview.swift in Sources */,
				810DE00727F1E37F008D72EC /* ForgotPasswordService.swift in Sources */,
				81DDAB1B282BE97A008DD4E9 /* LocationService.swift in Sources */,
				819F8D4127EDD8CA002F408B /* ButtonView.swift in Sources */,
				819F8D5827EE0C5C002F408B /* RegistrationViewModel.swift in Sources */,
				819F8D5227EE0828002F408B /* RegistrationDetails.swift in Sources */,
				810DE00A27F1E7DB008D72EC /* ForgotPasswordViewModel.swift in Sources */,
				819F8D4F27EE024D002F408B /* ForgotPasswordView.swift in Sources */,
				819F8D5C27EE10F5002F408B /* SessionUserDetails.swift in Sources */,
				819F8D3927EDD264002F408B /* InputTextFieldView.swift in Sources */,
			);
			runOnlyForDeploymentPostprocessing = 0;
		};
/* End PBXSourcesBuildPhase section */

/* Begin XCBuildConfiguration section */
		8128C6DE27E84E9B00B8B9C9 /* Debug */ = {
			isa = XCBuildConfiguration;
			buildSettings = {
				ALWAYS_SEARCH_USER_PATHS = NO;
				CLANG_ANALYZER_NONNULL = YES;
				CLANG_ANALYZER_NUMBER_OBJECT_CONVERSION = YES_AGGRESSIVE;
				CLANG_CXX_LANGUAGE_STANDARD = "gnu++17";
				CLANG_ENABLE_MODULES = YES;
				CLANG_ENABLE_OBJC_ARC = YES;
				CLANG_ENABLE_OBJC_WEAK = YES;
				CLANG_WARN_BLOCK_CAPTURE_AUTORELEASING = YES;
				CLANG_WARN_BOOL_CONVERSION = YES;
				CLANG_WARN_COMMA = YES;
				CLANG_WARN_CONSTANT_CONVERSION = YES;
				CLANG_WARN_DEPRECATED_OBJC_IMPLEMENTATIONS = YES;
				CLANG_WARN_DIRECT_OBJC_ISA_USAGE = YES_ERROR;
				CLANG_WARN_DOCUMENTATION_COMMENTS = YES;
				CLANG_WARN_EMPTY_BODY = YES;
				CLANG_WARN_ENUM_CONVERSION = YES;
				CLANG_WARN_INFINITE_RECURSION = YES;
				CLANG_WARN_INT_CONVERSION = YES;
				CLANG_WARN_NON_LITERAL_NULL_CONVERSION = YES;
				CLANG_WARN_OBJC_IMPLICIT_RETAIN_SELF = YES;
				CLANG_WARN_OBJC_LITERAL_CONVERSION = YES;
				CLANG_WARN_OBJC_ROOT_CLASS = YES_ERROR;
				CLANG_WARN_QUOTED_INCLUDE_IN_FRAMEWORK_HEADER = YES;
				CLANG_WARN_RANGE_LOOP_ANALYSIS = YES;
				CLANG_WARN_STRICT_PROTOTYPES = YES;
				CLANG_WARN_SUSPICIOUS_MOVE = YES;
				CLANG_WARN_UNGUARDED_AVAILABILITY = YES_AGGRESSIVE;
				CLANG_WARN_UNREACHABLE_CODE = YES;
				CLANG_WARN__DUPLICATE_METHOD_MATCH = YES;
				COPY_PHASE_STRIP = NO;
				DEBUG_INFORMATION_FORMAT = dwarf;
				ENABLE_STRICT_OBJC_MSGSEND = YES;
				ENABLE_TESTABILITY = YES;
				GCC_C_LANGUAGE_STANDARD = gnu11;
				GCC_DYNAMIC_NO_PIC = NO;
				GCC_NO_COMMON_BLOCKS = YES;
				GCC_OPTIMIZATION_LEVEL = 0;
				GCC_PREPROCESSOR_DEFINITIONS = (
					"DEBUG=1",
					"$(inherited)",
				);
				GCC_WARN_64_TO_32_BIT_CONVERSION = YES;
				GCC_WARN_ABOUT_RETURN_TYPE = YES_ERROR;
				GCC_WARN_UNDECLARED_SELECTOR = YES;
				GCC_WARN_UNINITIALIZED_AUTOS = YES_AGGRESSIVE;
				GCC_WARN_UNUSED_FUNCTION = YES;
				GCC_WARN_UNUSED_VARIABLE = YES;
				IPHONEOS_DEPLOYMENT_TARGET = 15.4;
				MTL_ENABLE_DEBUG_INFO = INCLUDE_SOURCE;
				MTL_FAST_MATH = YES;
				ONLY_ACTIVE_ARCH = YES;
				SDKROOT = iphoneos;
				SWIFT_ACTIVE_COMPILATION_CONDITIONS = DEBUG;
				SWIFT_OPTIMIZATION_LEVEL = "-Onone";
			};
			name = Debug;
		};
		8128C6DF27E84E9B00B8B9C9 /* Release */ = {
			isa = XCBuildConfiguration;
			buildSettings = {
				ALWAYS_SEARCH_USER_PATHS = NO;
				CLANG_ANALYZER_NONNULL = YES;
				CLANG_ANALYZER_NUMBER_OBJECT_CONVERSION = YES_AGGRESSIVE;
				CLANG_CXX_LANGUAGE_STANDARD = "gnu++17";
				CLANG_ENABLE_MODULES = YES;
				CLANG_ENABLE_OBJC_ARC = YES;
				CLANG_ENABLE_OBJC_WEAK = YES;
				CLANG_WARN_BLOCK_CAPTURE_AUTORELEASING = YES;
				CLANG_WARN_BOOL_CONVERSION = YES;
				CLANG_WARN_COMMA = YES;
				CLANG_WARN_CONSTANT_CONVERSION = YES;
				CLANG_WARN_DEPRECATED_OBJC_IMPLEMENTATIONS = YES;
				CLANG_WARN_DIRECT_OBJC_ISA_USAGE = YES_ERROR;
				CLANG_WARN_DOCUMENTATION_COMMENTS = YES;
				CLANG_WARN_EMPTY_BODY = YES;
				CLANG_WARN_ENUM_CONVERSION = YES;
				CLANG_WARN_INFINITE_RECURSION = YES;
				CLANG_WARN_INT_CONVERSION = YES;
				CLANG_WARN_NON_LITERAL_NULL_CONVERSION = YES;
				CLANG_WARN_OBJC_IMPLICIT_RETAIN_SELF = YES;
				CLANG_WARN_OBJC_LITERAL_CONVERSION = YES;
				CLANG_WARN_OBJC_ROOT_CLASS = YES_ERROR;
				CLANG_WARN_QUOTED_INCLUDE_IN_FRAMEWORK_HEADER = YES;
				CLANG_WARN_RANGE_LOOP_ANALYSIS = YES;
				CLANG_WARN_STRICT_PROTOTYPES = YES;
				CLANG_WARN_SUSPICIOUS_MOVE = YES;
				CLANG_WARN_UNGUARDED_AVAILABILITY = YES_AGGRESSIVE;
				CLANG_WARN_UNREACHABLE_CODE = YES;
				CLANG_WARN__DUPLICATE_METHOD_MATCH = YES;
				COPY_PHASE_STRIP = NO;
				DEBUG_INFORMATION_FORMAT = "dwarf-with-dsym";
				ENABLE_NS_ASSERTIONS = NO;
				ENABLE_STRICT_OBJC_MSGSEND = YES;
				GCC_C_LANGUAGE_STANDARD = gnu11;
				GCC_NO_COMMON_BLOCKS = YES;
				GCC_WARN_64_TO_32_BIT_CONVERSION = YES;
				GCC_WARN_ABOUT_RETURN_TYPE = YES_ERROR;
				GCC_WARN_UNDECLARED_SELECTOR = YES;
				GCC_WARN_UNINITIALIZED_AUTOS = YES_AGGRESSIVE;
				GCC_WARN_UNUSED_FUNCTION = YES;
				GCC_WARN_UNUSED_VARIABLE = YES;
				IPHONEOS_DEPLOYMENT_TARGET = 15.4;
				MTL_ENABLE_DEBUG_INFO = NO;
				MTL_FAST_MATH = YES;
				SDKROOT = iphoneos;
				SWIFT_COMPILATION_MODE = wholemodule;
				SWIFT_OPTIMIZATION_LEVEL = "-O";
				VALIDATE_PRODUCT = YES;
			};
			name = Release;
		};
		8128C6E127E84E9B00B8B9C9 /* Debug */ = {
			isa = XCBuildConfiguration;
			buildSettings = {
				ASSETCATALOG_COMPILER_APPICON_NAME = AppIcon;
				ASSETCATALOG_COMPILER_GLOBAL_ACCENT_COLOR_NAME = AccentColor;
				CODE_SIGN_STYLE = Automatic;
				CURRENT_PROJECT_VERSION = 1;
				DEVELOPMENT_ASSET_PATHS = "\"meetafriend/Preview Content\"";
				DEVELOPMENT_TEAM = 2TXP37FB43;
				ENABLE_PREVIEWS = YES;
				GENERATE_INFOPLIST_FILE = YES;
				INFOPLIST_KEY_UIApplicationSceneManifest_Generation = YES;
				INFOPLIST_KEY_UIApplicationSupportsIndirectInputEvents = YES;
				INFOPLIST_KEY_UILaunchScreen_Generation = YES;
				INFOPLIST_KEY_UISupportedInterfaceOrientations_iPad = "UIInterfaceOrientationPortrait UIInterfaceOrientationPortraitUpsideDown UIInterfaceOrientationLandscapeLeft UIInterfaceOrientationLandscapeRight";
				INFOPLIST_KEY_UISupportedInterfaceOrientations_iPhone = "UIInterfaceOrientationPortrait UIInterfaceOrientationLandscapeLeft UIInterfaceOrientationLandscapeRight";
				LD_RUNPATH_SEARCH_PATHS = (
					"$(inherited)",
					"@executable_path/Frameworks",
				);
				MARKETING_VERSION = 1.0;
				PRODUCT_BUNDLE_IDENTIFIER = luca.meetafriend;
				PRODUCT_NAME = "$(TARGET_NAME)";
				SWIFT_EMIT_LOC_STRINGS = YES;
				SWIFT_VERSION = 5.0;
				TARGETED_DEVICE_FAMILY = "1,2";
			};
			name = Debug;
		};
		8128C6E227E84E9B00B8B9C9 /* Release */ = {
			isa = XCBuildConfiguration;
			buildSettings = {
				ASSETCATALOG_COMPILER_APPICON_NAME = AppIcon;
				ASSETCATALOG_COMPILER_GLOBAL_ACCENT_COLOR_NAME = AccentColor;
				CODE_SIGN_STYLE = Automatic;
				CURRENT_PROJECT_VERSION = 1;
				DEVELOPMENT_ASSET_PATHS = "\"meetafriend/Preview Content\"";
				DEVELOPMENT_TEAM = 2TXP37FB43;
				ENABLE_PREVIEWS = YES;
				GENERATE_INFOPLIST_FILE = YES;
				INFOPLIST_KEY_UIApplicationSceneManifest_Generation = YES;
				INFOPLIST_KEY_UIApplicationSupportsIndirectInputEvents = YES;
				INFOPLIST_KEY_UILaunchScreen_Generation = YES;
				INFOPLIST_KEY_UISupportedInterfaceOrientations_iPad = "UIInterfaceOrientationPortrait UIInterfaceOrientationPortraitUpsideDown UIInterfaceOrientationLandscapeLeft UIInterfaceOrientationLandscapeRight";
				INFOPLIST_KEY_UISupportedInterfaceOrientations_iPhone = "UIInterfaceOrientationPortrait UIInterfaceOrientationLandscapeLeft UIInterfaceOrientationLandscapeRight";
				LD_RUNPATH_SEARCH_PATHS = (
					"$(inherited)",
					"@executable_path/Frameworks",
				);
				MARKETING_VERSION = 1.0;
				PRODUCT_BUNDLE_IDENTIFIER = luca.meetafriend;
				PRODUCT_NAME = "$(TARGET_NAME)";
				SWIFT_EMIT_LOC_STRINGS = YES;
				SWIFT_VERSION = 5.0;
				TARGETED_DEVICE_FAMILY = "1,2";
			};
			name = Release;
		};
/* End XCBuildConfiguration section */

/* Begin XCConfigurationList section */
		8128C6CD27E84E9700B8B9C9 /* Build configuration list for PBXProject "meetafriend" */ = {
			isa = XCConfigurationList;
			buildConfigurations = (
				8128C6DE27E84E9B00B8B9C9 /* Debug */,
				8128C6DF27E84E9B00B8B9C9 /* Release */,
			);
			defaultConfigurationIsVisible = 0;
			defaultConfigurationName = Release;
		};
		8128C6E027E84E9B00B8B9C9 /* Build configuration list for PBXNativeTarget "meetafriend" */ = {
			isa = XCConfigurationList;
			buildConfigurations = (
				8128C6E127E84E9B00B8B9C9 /* Debug */,
				8128C6E227E84E9B00B8B9C9 /* Release */,
			);
			defaultConfigurationIsVisible = 0;
			defaultConfigurationName = Release;
		};
/* End XCConfigurationList section */

/* Begin XCRemoteSwiftPackageReference section */
		81FCD870282AC87900F74369 /* XCRemoteSwiftPackageReference "firebase-ios-sdk" */ = {
			isa = XCRemoteSwiftPackageReference;
			repositoryURL = "https://github.com/firebase/firebase-ios-sdk";
			requirement = {
				kind = exactVersion;
				version = 9.0.0;
			};
		};
/* End XCRemoteSwiftPackageReference section */

/* Begin XCSwiftPackageProductDependency section */
		81FCD871282AC87900F74369 /* FirebaseAuth */ = {
			isa = XCSwiftPackageProductDependency;
			package = 81FCD870282AC87900F74369 /* XCRemoteSwiftPackageReference "firebase-ios-sdk" */;
			productName = FirebaseAuth;
		};
		81FCD873282AC87900F74369 /* FirebaseDatabase */ = {
			isa = XCSwiftPackageProductDependency;
			package = 81FCD870282AC87900F74369 /* XCRemoteSwiftPackageReference "firebase-ios-sdk" */;
			productName = FirebaseDatabase;
		};
		81FCD875282AC87900F74369 /* FirebaseFirestore */ = {
			isa = XCSwiftPackageProductDependency;
			package = 81FCD870282AC87900F74369 /* XCRemoteSwiftPackageReference "firebase-ios-sdk" */;
			productName = FirebaseFirestore;
		};
		81FCD877282AC87900F74369 /* FirebaseStorage */ = {
			isa = XCSwiftPackageProductDependency;
			package = 81FCD870282AC87900F74369 /* XCRemoteSwiftPackageReference "firebase-ios-sdk" */;
			productName = FirebaseStorage;
		};
/* End XCSwiftPackageProductDependency section */
	};
	rootObject = 8128C6CA27E84E9700B8B9C9 /* Project object */;
}
